
Microsoft Visual Studio Solution File, Format Version 12.00
# Visual Studio 15
VisualStudioVersion = 15.0.27130.2010
MinimumVisualStudioVersion = 10.0.40219.1
Project("{9A19103F-16F7-4668-BE54-9A1E7A4F7556}") = "Ms.TeamService", "Ms.TeamService\Ms.TeamService.csproj", "{9D8559E1-4244-428E-B7B7-F03DFC886553}"
EndProject
Project("{9A19103F-16F7-4668-BE54-9A1E7A4F7556}") = "Ms.TeamService.Tests.UnitTests", "Ms.TeamService.Tests\Ms.TeamService.Tests.UnitTests.csproj", "{F4D11CCA-1C4A-49F2-8B8C-A1E9EB7095AF}"
	ProjectSection(ProjectDependencies) = postProject
		{9D8559E1-4244-428E-B7B7-F03DFC886553} = {9D8559E1-4244-428E-B7B7-F03DFC886553}
	EndProjectSection
EndProject
Global
	GlobalSection(SolutionConfigurationPlatforms) = preSolution
		Debug|Any CPU = Debug|Any CPU
		Release|Any CPU = Release|Any CPU
	EndGlobalSection
	GlobalSection(ProjectConfigurationPlatforms) = postSolution
		{9D8559E1-4244-428E-B7B7-F03DFC886553}.Debug|Any CPU.ActiveCfg = Debug|Any CPU
		{9D8559E1-4244-428E-B7B7-F03DFC886553}.Debug|Any CPU.Build.0 = Debug|Any CPU
		{9D8559E1-4244-428E-B7B7-F03DFC886553}.Release|Any CPU.ActiveCfg = Release|Any CPU
		{9D8559E1-4244-428E-B7B7-F03DFC886553}.Release|Any CPU.Build.0 = Release|Any CPU
		{F4D11CCA-1C4A-49F2-8B8C-A1E9EB7095AF}.Debug|Any CPU.ActiveCfg = Debug|Any CPU
		{F4D11CCA-1C4A-49F2-8B8C-A1E9EB7095AF}.Debug|Any CPU.Build.0 = Debug|Any CPU
		{F4D11CCA-1C4A-49F2-8B8C-A1E9EB7095AF}.Release|Any CPU.ActiveCfg = Release|Any CPU
		{F4D11CCA-1C4A-49F2-8B8C-A1E9EB7095AF}.Release|Any CPU.Build.0 = Release|Any CPU
	EndGlobalSection
	GlobalSection(SolutionProperties) = preSolution
		HideSolutionNode = FALSE
	EndGlobalSection
	GlobalSection(ExtensibilityGlobals) = postSolution
		SolutionGuid = {DC5EB991-AF02-46AD-AF1A-6A8D553817DC}
	EndGlobalSection
EndGlobal
